
Microsoft Visual Studio Solution File, Format Version 12.00
# Visual Studio Version 16
VisualStudioVersion = 16.0.31019.35
MinimumVisualStudioVersion = 10.0.40219.1
Project("{FAE04EC0-301F-11D3-BF4B-00C04F79EFBC}") = "Learning.Scheduled", "Learning.Scheduled\Learning.Scheduled.csproj", "{3B6EE488-E595-4423-9754-003FF518D866}"
EndProject
Global
	GlobalSection(SolutionConfigurationPlatforms) = preSolution
		Debug|Any CPU = Debug|Any CPU
		Release|Any CPU = Release|Any CPU
	EndGlobalSection
	GlobalSection(ProjectConfigurationPlatforms) = postSolution
		{3B6EE488-E595-4423-9754-003FF518D866}.Debug|Any CPU.ActiveCfg = Debug|Any CPU
		{3B6EE488-E595-4423-9754-003FF518D866}.Debug|Any CPU.Build.0 = Debug|Any CPU
		{3B6EE488-E595-4423-9754-003FF518D866}.Release|Any CPU.ActiveCfg = Release|Any CPU
		{3B6EE488-E595-4423-9754-003FF518D866}.Release|Any CPU.Build.0 = Release|Any CPU
	EndGlobalSection
	GlobalSection(SolutionProperties) = preSolution
		HideSolutionNode = FALSE
	EndGlobalSection
	GlobalSection(ExtensibilityGlobals) = postSolution
		SolutionGuid = {B878FEDF-108A-42E0-9FD4-E92D448CC5D7}
	EndGlobalSection
EndGlobal
